
Microsoft Visual Studio Solution File, Format Version 12.00
# Visual Studio Version 17
VisualStudioVersion = 17.9.34723.18
MinimumVisualStudioVersion = 10.0.40219.1
Project("{9A19103F-16F7-4668-BE54-9A1E7A4F7556}") = "WareHouseAPI", "WareHouseAPI\WareHouseAPI.csproj", "{93E23F71-F43E-480B-A2DA-C53CFA9A1B8C}"
EndProject
Project("{9A19103F-16F7-4668-BE54-9A1E7A4F7556}") = "WareHouseBLL", "WareHouseBLL\WareHouseBLL.csproj", "{D4D78108-1AE5-47D3-A995-5102732DEFFB}"
EndProject
Project("{9A19103F-16F7-4668-BE54-9A1E7A4F7556}") = "WareHouseDAL", "WareHouseDAL\WareHouseDAL.csproj", "{6BE40234-0E70-4697-8544-F7F9BD385D19}"
EndProject
Global
	GlobalSection(SolutionConfigurationPlatforms) = preSolution
		Debug|Any CPU = Debug|Any CPU
		Release|Any CPU = Release|Any CPU
	EndGlobalSection
	GlobalSection(ProjectConfigurationPlatforms) = postSolution
		{93E23F71-F43E-480B-A2DA-C53CFA9A1B8C}.Debug|Any CPU.ActiveCfg = Debug|Any CPU
		{93E23F71-F43E-480B-A2DA-C53CFA9A1B8C}.Debug|Any CPU.Build.0 = Debug|Any CPU
		{93E23F71-F43E-480B-A2DA-C53CFA9A1B8C}.Release|Any CPU.ActiveCfg = Release|Any CPU
		{93E23F71-F43E-480B-A2DA-C53CFA9A1B8C}.Release|Any CPU.Build.0 = Release|Any CPU
		{D4D78108-1AE5-47D3-A995-5102732DEFFB}.Debug|Any CPU.ActiveCfg = Debug|Any CPU
		{D4D78108-1AE5-47D3-A995-5102732DEFFB}.Debug|Any CPU.Build.0 = Debug|Any CPU
		{D4D78108-1AE5-47D3-A995-5102732DEFFB}.Release|Any CPU.ActiveCfg = Release|Any CPU
		{D4D78108-1AE5-47D3-A995-5102732DEFFB}.Release|Any CPU.Build.0 = Release|Any CPU
		{6BE40234-0E70-4697-8544-F7F9BD385D19}.Debug|Any CPU.ActiveCfg = Debug|Any CPU
		{6BE40234-0E70-4697-8544-F7F9BD385D19}.Debug|Any CPU.Build.0 = Debug|Any CPU
		{6BE40234-0E70-4697-8544-F7F9BD385D19}.Release|Any CPU.ActiveCfg = Release|Any CPU
		{6BE40234-0E70-4697-8544-F7F9BD385D19}.Release|Any CPU.Build.0 = Release|Any CPU
	EndGlobalSection
	GlobalSection(SolutionProperties) = preSolution
		HideSolutionNode = FALSE
	EndGlobalSection
	GlobalSection(ExtensibilityGlobals) = postSolution
		SolutionGuid = {F0B4E439-8F6F-4D30-B9E8-619F73232CBE}
	EndGlobalSection
EndGlobal
